
Microsoft Visual Studio Solution File, Format Version 11.00
# Visual Studio 2010
Project("{E24C65DC-7377-472B-9ABA-BC803B73C61A}") = "online_shoping", "..\..\WebSites\online_shoping\", "{F8BEC5C7-D68C-4FA0-A265-18ECCC465984}"
	ProjectSection(WebsiteProperties) = preProject
		TargetFrameworkMoniker = ".NETFramework,Version%3Dv4.0"
		Debug.AspNetCompiler.VirtualPath = "/online_shoping"
		Debug.AspNetCompiler.PhysicalPath = "..\..\WebSites\online_shoping\"
		Debug.AspNetCompiler.TargetPath = "PrecompiledWeb\online_shoping\"
		Debug.AspNetCompiler.Updateable = "true"
		Debug.AspNetCompiler.ForceOverwrite = "true"
		Debug.AspNetCompiler.FixedNames = "false"
		Debug.AspNetCompiler.Debug = "True"
		Release.AspNetCompiler.VirtualPath = "/online_shoping"
		Release.AspNetCompiler.PhysicalPath = "..\..\WebSites\online_shoping\"
		Release.AspNetCompiler.TargetPath = "PrecompiledWeb\online_shoping\"
		Release.AspNetCompiler.Updateable = "true"
		Release.AspNetCompiler.ForceOverwrite = "true"
		Release.AspNetCompiler.FixedNames = "false"
		Release.AspNetCompiler.Debug = "False"
		VWDPort = "25177"
		DefaultWebSiteLanguage = "Visual C#"
	EndProjectSection
EndProject
Global
	GlobalSection(SolutionConfigurationPlatforms) = preSolution
		Debug|Any CPU = Debug|Any CPU
	EndGlobalSection
	GlobalSection(ProjectConfigurationPlatforms) = postSolution
		{F8BEC5C7-D68C-4FA0-A265-18ECCC465984}.Debug|Any CPU.ActiveCfg = Debug|Any CPU
		{F8BEC5C7-D68C-4FA0-A265-18ECCC465984}.Debug|Any CPU.Build.0 = Debug|Any CPU
	EndGlobalSection
	GlobalSection(SolutionProperties) = preSolution
		HideSolutionNode = FALSE
	EndGlobalSection
EndGlobal
